// !$*UTF8*$!
{
	archiveVersion = 1;
	classes = {
	};
	objectVersion = 77;
	objects = {

/* Begin PBXBuildFile section */
		13AC17E9BE56FF75F0145232 /* FeedbackSettingsTests.swift in Sources */ = {isa = PBXBuildFile; fileRef = 57CC0B4B80FD3F1DD602BBFE /* FeedbackSettingsTests.swift */; };
		15E39D07CE143183B461957A /* IntervalTimerTests.swift in Sources */ = {isa = PBXBuildFile; fileRef = 8A48A9BEB1D72CE5F22216C9 /* IntervalTimerTests.swift */; };
		174E4E5C63E87E47DF4175EB /* TimerPhase.swift in Sources */ = {isa = PBXBuildFile; fileRef = 1670AF383C0813909E0B4D3B /* TimerPhase.swift */; };
		1801C3BDFC829D0EE210D185 /* Interval.swift in Sources */ = {isa = PBXBuildFile; fileRef = C89F75D5A587D47489BA4064 /* Interval.swift */; };
		194F9D4896B681AADC76CD65 /* PresetStore.swift in Sources */ = {isa = PBXBuildFile; fileRef = CF238667267FD6E3065250A7 /* PresetStore.swift */; };
		1A46799AC31CDDA8BD1E6E6E /* Assets.xcassets in Resources */ = {isa = PBXBuildFile; fileRef = D26570FEFD5F55CEA1FE911C /* Assets.xcassets */; };
		2AB3005907AE7FF911975552 /* SettingsView.swift in Sources */ = {isa = PBXBuildFile; fileRef = D33A597C831F998A89AE0BD4 /* SettingsView.swift */; };
		2BE0CF721746411A15EF3879 /* PresetsViewModel.swift in Sources */ = {isa = PBXBuildFile; fileRef = 1504680F560943987AB20286 /* PresetsViewModel.swift */; };
		313581DD4F804934F1322FA6 /* PresetStore.swift in Sources */ = {isa = PBXBuildFile; fileRef = CF238667267FD6E3065250A7 /* PresetStore.swift */; };
		31CADB9C4AF2215849E1803A /* ActiveTimerView.swift in Sources */ = {isa = PBXBuildFile; fileRef = 6049785728AF3FB30D13279C /* ActiveTimerView.swift */; };
		3BEE4B25C32BE867C5C0FEED /* FeedbackSettings.swift in Sources */ = {isa = PBXBuildFile; fileRef = 44815C38B66CA0483084955E /* FeedbackSettings.swift */; };
		5996EA75E2392C245C8A1EED /* IntervalTimer.swift in Sources */ = {isa = PBXBuildFile; fileRef = E92038A8EBA13AB01D84798E /* IntervalTimer.swift */; };
		5BA7CF414ABB50C8C0E5C678 /* ClimberTimerTests.swift in Sources */ = {isa = PBXBuildFile; fileRef = 2D26E7C031F2BAF3F2EA2660 /* ClimberTimerTests.swift */; };
		699761B286BA56146A108941 /* SettingsViewModelTests.swift in Sources */ = {isa = PBXBuildFile; fileRef = B019707A9D9468261B7BD735 /* SettingsViewModelTests.swift */; };
		6B5829D8694306AB141B25E2 /* FeedbackManager.swift in Sources */ = {isa = PBXBuildFile; fileRef = E9E9FF769EC901DE7BA20973 /* FeedbackManager.swift */; };
		6BCBE24C3030D3D97020A0AD /* TimeFormatting.swift in Sources */ = {isa = PBXBuildFile; fileRef = 982C27C0F6D4AD002F151D74 /* TimeFormatting.swift */; };
		78CFF3E784795FD7CD91A65D /* ClimberTimerWatchApp.swift in Sources */ = {isa = PBXBuildFile; fileRef = 063252CCD86E1F2807C32AFE /* ClimberTimerWatchApp.swift */; };
		7980EEA34615803C4A4B4665 /* WatchActiveTimerView.swift in Sources */ = {isa = PBXBuildFile; fileRef = 5E5ACCB55D3E6A697F362708 /* WatchActiveTimerView.swift */; };
		81B8474EC71C05A7EE09B14F /* Interval.swift in Sources */ = {isa = PBXBuildFile; fileRef = C89F75D5A587D47489BA4064 /* Interval.swift */; };
		829643621590B665F7201F56 /* FeedbackSettings.swift in Sources */ = {isa = PBXBuildFile; fileRef = 44815C38B66CA0483084955E /* FeedbackSettings.swift */; };
		90561B36AA9DD8ACAB56FF07 /* PresetsViewModelTests.swift in Sources */ = {isa = PBXBuildFile; fileRef = F92F3755622CCC6BFAFA0276 /* PresetsViewModelTests.swift */; };
		943CD476A893E91678FE0B6E /* TimerSetupView.swift in Sources */ = {isa = PBXBuildFile; fileRef = E5F20F758721D9A8EA306222 /* TimerSetupView.swift */; };
		94C48979B28AA17915E2B070 /* TimerPhase.swift in Sources */ = {isa = PBXBuildFile; fileRef = 1670AF383C0813909E0B4D3B /* TimerPhase.swift */; };
		9744345497E0EC89994AA78E /* FeedbackManager.swift in Sources */ = {isa = PBXBuildFile; fileRef = E9E9FF769EC901DE7BA20973 /* FeedbackManager.swift */; };
		9872ACD149AA845CC5CD0D37 /* IntervalTimer.swift in Sources */ = {isa = PBXBuildFile; fileRef = E92038A8EBA13AB01D84798E /* IntervalTimer.swift */; };
		A4809D274DB712002D8C8F7F /* TimeFormatting.swift in Sources */ = {isa = PBXBuildFile; fileRef = 982C27C0F6D4AD002F151D74 /* TimeFormatting.swift */; };
		B118A851A510299DDF8839BB /* TimerPhaseTests.swift in Sources */ = {isa = PBXBuildFile; fileRef = 2ABC17943849D22370525287 /* TimerPhaseTests.swift */; };
		B3D05E50E9D754DC4BE15066 /* HomeViewModelTests.swift in Sources */ = {isa = PBXBuildFile; fileRef = 3A59FC09B72AE63D98D4D99F /* HomeViewModelTests.swift */; };
		B4779BC330FFA434D952B920 /* WatchHomeView.swift in Sources */ = {isa = PBXBuildFile; fileRef = FC013C7BB41A809FED7723A7 /* WatchHomeView.swift */; };
		BCAB785F7A9414A9324115BD /* DataStoreTests.swift in Sources */ = {isa = PBXBuildFile; fileRef = 7E27853E3061BE52971F2946 /* DataStoreTests.swift */; };
		BDAFAA1B4C73A6039FCED1C9 /* HomeViewModel.swift in Sources */ = {isa = PBXBuildFile; fileRef = 32B73521D73004909C4A42D7 /* HomeViewModel.swift */; };
		BE12A38E0AA6B273A256D0D1 /* FeedbackManagerTests.swift in Sources */ = {isa = PBXBuildFile; fileRef = 2CD2632C584EE599B225E3AC /* FeedbackManagerTests.swift */; };
		C46BEF39325E2C86D21D0CED /* HomeView.swift in Sources */ = {isa = PBXBuildFile; fileRef = BF10BDFAB787E71F62BE34A9 /* HomeView.swift */; };
		C5978918C88B9746E3ED5854 /* IntervalTests.swift in Sources */ = {isa = PBXBuildFile; fileRef = 7243353B18F89DF630A6A409 /* IntervalTests.swift */; };
		CC12558CAE6D95E05D14C121 /* SettingsViewModel.swift in Sources */ = {isa = PBXBuildFile; fileRef = 47E41A2D571D145833092DE1 /* SettingsViewModel.swift */; };
		E257F0412FBAE5E40AB5D52C /* WatchPresetsView.swift in Sources */ = {isa = PBXBuildFile; fileRef = C2B2C6D955E53A0390E9861B /* WatchPresetsView.swift */; };
		E2ECCB108407AFCBAEC0A16A /* ClimberTimerApp.swift in Sources */ = {isa = PBXBuildFile; fileRef = 6DF9A9FBE56C26BE21F6B819 /* ClimberTimerApp.swift */; };
		E88438F2CB7F1FF0532CA09A /* Assets.xcassets in Resources */ = {isa = PBXBuildFile; fileRef = 6866EF410FB6E6483791B91D /* Assets.xcassets */; };
		F535D519CF52B4E68813F39B /* TimeFormattingTests.swift in Sources */ = {isa = PBXBuildFile; fileRef = 524E542F0B38AAFE1EF67F3F /* TimeFormattingTests.swift */; };
/* End PBXBuildFile section */

/* Begin PBXContainerItemProxy section */
		56DA70F62F60419AC07A8780 /* PBXContainerItemProxy */ = {
			isa = PBXContainerItemProxy;
			containerPortal = 076630D2C5B85E6EA5A4F3CD /* Project object */;
			proxyType = 1;
			remoteGlobalIDString = 5D48B829EA240F4850E0DDE6;
			remoteInfo = ClimberTimer;
		};
/* End PBXContainerItemProxy section */

/* Begin PBXFileReference section */
		063252CCD86E1F2807C32AFE /* ClimberTimerWatchApp.swift */ = {isa = PBXFileReference; lastKnownFileType = sourcecode.swift; path = ClimberTimerWatchApp.swift; sourceTree = "<group>"; };
		1504680F560943987AB20286 /* PresetsViewModel.swift */ = {isa = PBXFileReference; lastKnownFileType = sourcecode.swift; path = PresetsViewModel.swift; sourceTree = "<group>"; };
		1670AF383C0813909E0B4D3B /* TimerPhase.swift */ = {isa = PBXFileReference; lastKnownFileType = sourcecode.swift; path = TimerPhase.swift; sourceTree = "<group>"; };
		2ABC17943849D22370525287 /* TimerPhaseTests.swift */ = {isa = PBXFileReference; lastKnownFileType = sourcecode.swift; path = TimerPhaseTests.swift; sourceTree = "<group>"; };
		2CD2632C584EE599B225E3AC /* FeedbackManagerTests.swift */ = {isa = PBXFileReference; lastKnownFileType = sourcecode.swift; path = FeedbackManagerTests.swift; sourceTree = "<group>"; };
		2D26E7C031F2BAF3F2EA2660 /* ClimberTimerTests.swift */ = {isa = PBXFileReference; lastKnownFileType = sourcecode.swift; path = ClimberTimerTests.swift; sourceTree = "<group>"; };
		32B73521D73004909C4A42D7 /* HomeViewModel.swift */ = {isa = PBXFileReference; lastKnownFileType = sourcecode.swift; path = HomeViewModel.swift; sourceTree = "<group>"; };
		39920330C8CCFB86F27CA4C3 /* Info.plist */ = {isa = PBXFileReference; lastKnownFileType = text.plist; path = Info.plist; sourceTree = "<group>"; };
		3A59FC09B72AE63D98D4D99F /* HomeViewModelTests.swift */ = {isa = PBXFileReference; lastKnownFileType = sourcecode.swift; path = HomeViewModelTests.swift; sourceTree = "<group>"; };
		44815C38B66CA0483084955E /* FeedbackSettings.swift */ = {isa = PBXFileReference; lastKnownFileType = sourcecode.swift; path = FeedbackSettings.swift; sourceTree = "<group>"; };
		47E41A2D571D145833092DE1 /* SettingsViewModel.swift */ = {isa = PBXFileReference; lastKnownFileType = sourcecode.swift; path = SettingsViewModel.swift; sourceTree = "<group>"; };
		524E542F0B38AAFE1EF67F3F /* TimeFormattingTests.swift */ = {isa = PBXFileReference; lastKnownFileType = sourcecode.swift; path = TimeFormattingTests.swift; sourceTree = "<group>"; };
		57CC0B4B80FD3F1DD602BBFE /* FeedbackSettingsTests.swift */ = {isa = PBXFileReference; lastKnownFileType = sourcecode.swift; path = FeedbackSettingsTests.swift; sourceTree = "<group>"; };
		5E5ACCB55D3E6A697F362708 /* WatchActiveTimerView.swift */ = {isa = PBXFileReference; lastKnownFileType = sourcecode.swift; path = WatchActiveTimerView.swift; sourceTree = "<group>"; };
		6049785728AF3FB30D13279C /* ActiveTimerView.swift */ = {isa = PBXFileReference; lastKnownFileType = sourcecode.swift; path = ActiveTimerView.swift; sourceTree = "<group>"; };
		62FFC822DD212FB13D07882B /* ClimberTimer Watch.entitlements */ = {isa = PBXFileReference; lastKnownFileType = text.plist.entitlements; path = "ClimberTimer Watch.entitlements"; sourceTree = "<group>"; };
		6866EF410FB6E6483791B91D /* Assets.xcassets */ = {isa = PBXFileReference; lastKnownFileType = folder.assetcatalog; path = Assets.xcassets; sourceTree = "<group>"; };
		6DF9A9FBE56C26BE21F6B819 /* ClimberTimerApp.swift */ = {isa = PBXFileReference; lastKnownFileType = sourcecode.swift; path = ClimberTimerApp.swift; sourceTree = "<group>"; };
		7243353B18F89DF630A6A409 /* IntervalTests.swift */ = {isa = PBXFileReference; lastKnownFileType = sourcecode.swift; path = IntervalTests.swift; sourceTree = "<group>"; };
		7E27853E3061BE52971F2946 /* DataStoreTests.swift */ = {isa = PBXFileReference; lastKnownFileType = sourcecode.swift; path = DataStoreTests.swift; sourceTree = "<group>"; };
		8A48A9BEB1D72CE5F22216C9 /* IntervalTimerTests.swift */ = {isa = PBXFileReference; lastKnownFileType = sourcecode.swift; path = IntervalTimerTests.swift; sourceTree = "<group>"; };
		90713EC44E0FACEB589563C7 /* ClimberTimer.entitlements */ = {isa = PBXFileReference; lastKnownFileType = text.plist.entitlements; path = ClimberTimer.entitlements; sourceTree = "<group>"; };
		95F81242CA4B5D016CD847B4 /* ClimberTimerTests.xctest */ = {isa = PBXFileReference; includeInIndex = 0; lastKnownFileType = wrapper.cfbundle; path = ClimberTimerTests.xctest; sourceTree = BUILT_PRODUCTS_DIR; };
		9689AFEA3B35779912752213 /* Info.plist */ = {isa = PBXFileReference; lastKnownFileType = text.plist; path = Info.plist; sourceTree = "<group>"; };
		982C27C0F6D4AD002F151D74 /* TimeFormatting.swift */ = {isa = PBXFileReference; lastKnownFileType = sourcecode.swift; path = TimeFormatting.swift; sourceTree = "<group>"; };
		B019707A9D9468261B7BD735 /* SettingsViewModelTests.swift */ = {isa = PBXFileReference; lastKnownFileType = sourcecode.swift; path = SettingsViewModelTests.swift; sourceTree = "<group>"; };
		B677E980FAFB33EE890B6998 /* ClimberTimer.app */ = {isa = PBXFileReference; includeInIndex = 0; lastKnownFileType = wrapper.application; path = ClimberTimer.app; sourceTree = BUILT_PRODUCTS_DIR; };
		BF10BDFAB787E71F62BE34A9 /* HomeView.swift */ = {isa = PBXFileReference; lastKnownFileType = sourcecode.swift; path = HomeView.swift; sourceTree = "<group>"; };
		C2B2C6D955E53A0390E9861B /* WatchPresetsView.swift */ = {isa = PBXFileReference; lastKnownFileType = sourcecode.swift; path = WatchPresetsView.swift; sourceTree = "<group>"; };
		C89F75D5A587D47489BA4064 /* Interval.swift */ = {isa = PBXFileReference; lastKnownFileType = sourcecode.swift; path = Interval.swift; sourceTree = "<group>"; };
		CF238667267FD6E3065250A7 /* PresetStore.swift */ = {isa = PBXFileReference; lastKnownFileType = sourcecode.swift; path = PresetStore.swift; sourceTree = "<group>"; };
		D26570FEFD5F55CEA1FE911C /* Assets.xcassets */ = {isa = PBXFileReference; lastKnownFileType = folder.assetcatalog; path = Assets.xcassets; sourceTree = "<group>"; };
		D33A597C831F998A89AE0BD4 /* SettingsView.swift */ = {isa = PBXFileReference; lastKnownFileType = sourcecode.swift; path = SettingsView.swift; sourceTree = "<group>"; };
		E5F20F758721D9A8EA306222 /* TimerSetupView.swift */ = {isa = PBXFileReference; lastKnownFileType = sourcecode.swift; path = TimerSetupView.swift; sourceTree = "<group>"; };
		E92038A8EBA13AB01D84798E /* IntervalTimer.swift */ = {isa = PBXFileReference; lastKnownFileType = sourcecode.swift; path = IntervalTimer.swift; sourceTree = "<group>"; };
		E9E9FF769EC901DE7BA20973 /* FeedbackManager.swift */ = {isa = PBXFileReference; lastKnownFileType = sourcecode.swift; path = FeedbackManager.swift; sourceTree = "<group>"; };
		ED801F12AEBEE2E55E77E0B7 /* ClimberTimer Watch Watch App.app */ = {isa = PBXFileReference; explicitFileType = wrapper.application; includeInIndex = 0; path = "ClimberTimer Watch Watch App.app"; sourceTree = BUILT_PRODUCTS_DIR; };
		F92F3755622CCC6BFAFA0276 /* PresetsViewModelTests.swift */ = {isa = PBXFileReference; lastKnownFileType = sourcecode.swift; path = PresetsViewModelTests.swift; sourceTree = "<group>"; };
		FC013C7BB41A809FED7723A7 /* WatchHomeView.swift */ = {isa = PBXFileReference; lastKnownFileType = sourcecode.swift; path = WatchHomeView.swift; sourceTree = "<group>"; };
/* End PBXFileReference section */

/* Begin PBXGroup section */
		034A2AEB652DFE0A5B192101 /* ClimberTimer iOS */ = {
			isa = PBXGroup;
			children = (
				D26570FEFD5F55CEA1FE911C /* Assets.xcassets */,
				90713EC44E0FACEB589563C7 /* ClimberTimer.entitlements */,
				9689AFEA3B35779912752213 /* Info.plist */,
				310288FB682B27352EB9906F /* App */,
				BE7C78BD70DAFD2CA1D08289 /* ViewModels */,
				B58BD2C6A78D4CD2EC029B55 /* Views */,
			);
			path = "ClimberTimer iOS";
			sourceTree = "<group>";
		};
		1276F18C4F0399F7E2D91E7F /* Utilities */ = {
			isa = PBXGroup;
			children = (
				524E542F0B38AAFE1EF67F3F /* TimeFormattingTests.swift */,
			);
			path = Utilities;
			sourceTree = "<group>";
		};
		15764A46D4466B34D8936486 /* ViewModels */ = {
			isa = PBXGroup;
			children = (
				3A59FC09B72AE63D98D4D99F /* HomeViewModelTests.swift */,
				F92F3755622CCC6BFAFA0276 /* PresetsViewModelTests.swift */,
				B019707A9D9468261B7BD735 /* SettingsViewModelTests.swift */,
			);
			path = ViewModels;
			sourceTree = "<group>";
		};
		310288FB682B27352EB9906F /* App */ = {
			isa = PBXGroup;
			children = (
				6DF9A9FBE56C26BE21F6B819 /* ClimberTimerApp.swift */,
			);
			path = App;
			sourceTree = "<group>";
		};
		4812AA98BCF607C2F9C94201 /* Shared */ = {
			isa = PBXGroup;
			children = (
				BAFFFDE71F9209E9CD49F051 /* Models */,
				F72BFEA1471706442DE75853 /* Services */,
				75D23E311D010FA9FD7575C0 /* Utilities */,
			);
			path = Shared;
			sourceTree = "<group>";
		};
		526FCDCB86D8DF745959A735 /* Models */ = {
			isa = PBXGroup;
			children = (
				57CC0B4B80FD3F1DD602BBFE /* FeedbackSettingsTests.swift */,
				7243353B18F89DF630A6A409 /* IntervalTests.swift */,
				2ABC17943849D22370525287 /* TimerPhaseTests.swift */,
			);
			path = Models;
			sourceTree = "<group>";
		};
		6348B9A6C1EA2B2EBE130B66 /* ClimberTimer Watch */ = {
			isa = PBXGroup;
			children = (
				6866EF410FB6E6483791B91D /* Assets.xcassets */,
				62FFC822DD212FB13D07882B /* ClimberTimer Watch.entitlements */,
				39920330C8CCFB86F27CA4C3 /* Info.plist */,
				82ADCD0051CC5B25AB875EDC /* App */,
				6E3D1A0B72E70A741B143326 /* Views */,
			);
			path = "ClimberTimer Watch";
			sourceTree = "<group>";
		};
		64F01D0F3EB8ECDE2EA1BD8D /* Products */ = {
			isa = PBXGroup;
			children = (
				ED801F12AEBEE2E55E77E0B7 /* ClimberTimer Watch Watch App.app */,
				B677E980FAFB33EE890B6998 /* ClimberTimer.app */,
				95F81242CA4B5D016CD847B4 /* ClimberTimerTests.xctest */,
			);
			name = Products;
			sourceTree = "<group>";
		};
		6E3D1A0B72E70A741B143326 /* Views */ = {
			isa = PBXGroup;
			children = (
				5E5ACCB55D3E6A697F362708 /* WatchActiveTimerView.swift */,
				FC013C7BB41A809FED7723A7 /* WatchHomeView.swift */,
				C2B2C6D955E53A0390E9861B /* WatchPresetsView.swift */,
			);
			path = Views;
			sourceTree = "<group>";
		};
		75D23E311D010FA9FD7575C0 /* Utilities */ = {
			isa = PBXGroup;
			children = (
				982C27C0F6D4AD002F151D74 /* TimeFormatting.swift */,
			);
			path = Utilities;
			sourceTree = "<group>";
		};
		82ADCD0051CC5B25AB875EDC /* App */ = {
			isa = PBXGroup;
			children = (
				063252CCD86E1F2807C32AFE /* ClimberTimerWatchApp.swift */,
			);
			path = App;
			sourceTree = "<group>";
		};
		B58BD2C6A78D4CD2EC029B55 /* Views */ = {
			isa = PBXGroup;
			children = (
				6049785728AF3FB30D13279C /* ActiveTimerView.swift */,
				BF10BDFAB787E71F62BE34A9 /* HomeView.swift */,
				D33A597C831F998A89AE0BD4 /* SettingsView.swift */,
				E5F20F758721D9A8EA306222 /* TimerSetupView.swift */,
			);
			path = Views;
			sourceTree = "<group>";
		};
		BA378F5A8840F88D9320D438 /* ClimberTimerTests */ = {
			isa = PBXGroup;
			children = (
				2D26E7C031F2BAF3F2EA2660 /* ClimberTimerTests.swift */,
				526FCDCB86D8DF745959A735 /* Models */,
				DB886BF3696725A6541F02ED /* Services */,
				1276F18C4F0399F7E2D91E7F /* Utilities */,
				15764A46D4466B34D8936486 /* ViewModels */,
			);
			path = ClimberTimerTests;
			sourceTree = "<group>";
		};
		BAFFFDE71F9209E9CD49F051 /* Models */ = {
			isa = PBXGroup;
			children = (
				44815C38B66CA0483084955E /* FeedbackSettings.swift */,
				C89F75D5A587D47489BA4064 /* Interval.swift */,
				1670AF383C0813909E0B4D3B /* TimerPhase.swift */,
			);
			path = Models;
			sourceTree = "<group>";
		};
		BE7C78BD70DAFD2CA1D08289 /* ViewModels */ = {
			isa = PBXGroup;
			children = (
				32B73521D73004909C4A42D7 /* HomeViewModel.swift */,
				1504680F560943987AB20286 /* PresetsViewModel.swift */,
				47E41A2D571D145833092DE1 /* SettingsViewModel.swift */,
			);
			path = ViewModels;
			sourceTree = "<group>";
		};
		DB886BF3696725A6541F02ED /* Services */ = {
			isa = PBXGroup;
			children = (
				7E27853E3061BE52971F2946 /* DataStoreTests.swift */,
				2CD2632C584EE599B225E3AC /* FeedbackManagerTests.swift */,
				8A48A9BEB1D72CE5F22216C9 /* IntervalTimerTests.swift */,
			);
			path = Services;
			sourceTree = "<group>";
		};
		F72BFEA1471706442DE75853 /* Services */ = {
			isa = PBXGroup;
			children = (
				E9E9FF769EC901DE7BA20973 /* FeedbackManager.swift */,
				E92038A8EBA13AB01D84798E /* IntervalTimer.swift */,
				CF238667267FD6E3065250A7 /* PresetStore.swift */,
			);
			path = Services;
			sourceTree = "<group>";
		};
		FF644002E1E4448F7C44BF3B = {
			isa = PBXGroup;
			children = (
				034A2AEB652DFE0A5B192101 /* ClimberTimer iOS */,
				6348B9A6C1EA2B2EBE130B66 /* ClimberTimer Watch */,
				BA378F5A8840F88D9320D438 /* ClimberTimerTests */,
				4812AA98BCF607C2F9C94201 /* Shared */,
				64F01D0F3EB8ECDE2EA1BD8D /* Products */,
			);
			sourceTree = "<group>";
		};
/* End PBXGroup section */

/* Begin PBXNativeTarget section */
		152E0F83161CAFFFF17651C3 /* ClimberTimer Watch Watch App */ = {
			isa = PBXNativeTarget;
			buildConfigurationList = A163C053CE7664C1A4049142 /* Build configuration list for PBXNativeTarget "ClimberTimer Watch Watch App" */;
			buildPhases = (
				94C9BA06CC8056F9247F7CAE /* Sources */,
				1DC10BD8738827790330B7C2 /* Resources */,
			);
			buildRules = (
			);
			dependencies = (
			);
			name = "ClimberTimer Watch Watch App";
			packageProductDependencies = (
			);
			productName = "ClimberTimer Watch Watch App";
			productReference = ED801F12AEBEE2E55E77E0B7 /* ClimberTimer Watch Watch App.app */;
			productType = "com.apple.product-type.application";
		};
		5D48B829EA240F4850E0DDE6 /* ClimberTimer */ = {
			isa = PBXNativeTarget;
			buildConfigurationList = F39049AD1FB34F01C6FE2FDE /* Build configuration list for PBXNativeTarget "ClimberTimer" */;
			buildPhases = (
				C1F7CCFA987BB7739C066433 /* Sources */,
				FA0D617FA9BDC343FA0B2D2E /* Resources */,
			);
			buildRules = (
			);
			dependencies = (
			);
			name = ClimberTimer;
			packageProductDependencies = (
			);
			productName = ClimberTimer;
			productReference = B677E980FAFB33EE890B6998 /* ClimberTimer.app */;
			productType = "com.apple.product-type.application";
		};
		FC3D2C4D961BFB4692F68727 /* ClimberTimerTests */ = {
			isa = PBXNativeTarget;
			buildConfigurationList = 9333719BE8AF6D6C57293332 /* Build configuration list for PBXNativeTarget "ClimberTimerTests" */;
			buildPhases = (
				08E509960424C8BC56D22600 /* Sources */,
			);
			buildRules = (
			);
			dependencies = (
				89F63B7547BCAD488B16AB8A /* PBXTargetDependency */,
			);
			name = ClimberTimerTests;
			packageProductDependencies = (
			);
			productName = ClimberTimerTests;
			productReference = 95F81242CA4B5D016CD847B4 /* ClimberTimerTests.xctest */;
			productType = "com.apple.product-type.bundle.unit-test";
		};
/* End PBXNativeTarget section */

/* Begin PBXProject section */
		076630D2C5B85E6EA5A4F3CD /* Project object */ = {
			isa = PBXProject;
			attributes = {
				BuildIndependentTargetsInParallel = YES;
				LastUpgradeCheck = 1500;
			};
			buildConfigurationList = 18B8C2A338D569B16A039D63 /* Build configuration list for PBXProject "ClimberTimer" */;
			compatibilityVersion = "Xcode 14.0";
			developmentRegion = en;
			hasScannedForEncodings = 0;
			knownRegions = (
				Base,
				en,
			);
			mainGroup = FF644002E1E4448F7C44BF3B;
			minimizedProjectReferenceProxies = 1;
			preferredProjectObjectVersion = 77;
			projectDirPath = "";
			projectRoot = "";
			targets = (
				5D48B829EA240F4850E0DDE6 /* ClimberTimer */,
				152E0F83161CAFFFF17651C3 /* ClimberTimer Watch Watch App */,
				FC3D2C4D961BFB4692F68727 /* ClimberTimerTests */,
			);
		};
/* End PBXProject section */

/* Begin PBXResourcesBuildPhase section */
		1DC10BD8738827790330B7C2 /* Resources */ = {
			isa = PBXResourcesBuildPhase;
			buildActionMask = 2147483647;
			files = (
				E88438F2CB7F1FF0532CA09A /* Assets.xcassets in Resources */,
			);
			runOnlyForDeploymentPostprocessing = 0;
		};
		FA0D617FA9BDC343FA0B2D2E /* Resources */ = {
			isa = PBXResourcesBuildPhase;
			buildActionMask = 2147483647;
			files = (
				1A46799AC31CDDA8BD1E6E6E /* Assets.xcassets in Resources */,
			);
			runOnlyForDeploymentPostprocessing = 0;
		};
/* End PBXResourcesBuildPhase section */

/* Begin PBXSourcesBuildPhase section */
		08E509960424C8BC56D22600 /* Sources */ = {
			isa = PBXSourcesBuildPhase;
			buildActionMask = 2147483647;
			files = (
				5BA7CF414ABB50C8C0E5C678 /* ClimberTimerTests.swift in Sources */,
				BCAB785F7A9414A9324115BD /* DataStoreTests.swift in Sources */,
				BE12A38E0AA6B273A256D0D1 /* FeedbackManagerTests.swift in Sources */,
				13AC17E9BE56FF75F0145232 /* FeedbackSettingsTests.swift in Sources */,
				B3D05E50E9D754DC4BE15066 /* HomeViewModelTests.swift in Sources */,
				C5978918C88B9746E3ED5854 /* IntervalTests.swift in Sources */,
				15E39D07CE143183B461957A /* IntervalTimerTests.swift in Sources */,
				90561B36AA9DD8ACAB56FF07 /* PresetsViewModelTests.swift in Sources */,
				699761B286BA56146A108941 /* SettingsViewModelTests.swift in Sources */,
				F535D519CF52B4E68813F39B /* TimeFormattingTests.swift in Sources */,
				B118A851A510299DDF8839BB /* TimerPhaseTests.swift in Sources */,
			);
			runOnlyForDeploymentPostprocessing = 0;
		};
		94C9BA06CC8056F9247F7CAE /* Sources */ = {
			isa = PBXSourcesBuildPhase;
			buildActionMask = 2147483647;
			files = (
				78CFF3E784795FD7CD91A65D /* ClimberTimerWatchApp.swift in Sources */,
				9744345497E0EC89994AA78E /* FeedbackManager.swift in Sources */,
				3BEE4B25C32BE867C5C0FEED /* FeedbackSettings.swift in Sources */,
				81B8474EC71C05A7EE09B14F /* Interval.swift in Sources */,
				5996EA75E2392C245C8A1EED /* IntervalTimer.swift in Sources */,
				194F9D4896B681AADC76CD65 /* PresetStore.swift in Sources */,
				6BCBE24C3030D3D97020A0AD /* TimeFormatting.swift in Sources */,
				94C48979B28AA17915E2B070 /* TimerPhase.swift in Sources */,
				7980EEA34615803C4A4B4665 /* WatchActiveTimerView.swift in Sources */,
				B4779BC330FFA434D952B920 /* WatchHomeView.swift in Sources */,
				E257F0412FBAE5E40AB5D52C /* WatchPresetsView.swift in Sources */,
			);
			runOnlyForDeploymentPostprocessing = 0;
		};
		C1F7CCFA987BB7739C066433 /* Sources */ = {
			isa = PBXSourcesBuildPhase;
			buildActionMask = 2147483647;
			files = (
				31CADB9C4AF2215849E1803A /* ActiveTimerView.swift in Sources */,
				E2ECCB108407AFCBAEC0A16A /* ClimberTimerApp.swift in Sources */,
				6B5829D8694306AB141B25E2 /* FeedbackManager.swift in Sources */,
				829643621590B665F7201F56 /* FeedbackSettings.swift in Sources */,
				C46BEF39325E2C86D21D0CED /* HomeView.swift in Sources */,
				BDAFAA1B4C73A6039FCED1C9 /* HomeViewModel.swift in Sources */,
				1801C3BDFC829D0EE210D185 /* Interval.swift in Sources */,
				9872ACD149AA845CC5CD0D37 /* IntervalTimer.swift in Sources */,
				313581DD4F804934F1322FA6 /* PresetStore.swift in Sources */,
				2BE0CF721746411A15EF3879 /* PresetsViewModel.swift in Sources */,
				2AB3005907AE7FF911975552 /* SettingsView.swift in Sources */,
				CC12558CAE6D95E05D14C121 /* SettingsViewModel.swift in Sources */,
				A4809D274DB712002D8C8F7F /* TimeFormatting.swift in Sources */,
				174E4E5C63E87E47DF4175EB /* TimerPhase.swift in Sources */,
				943CD476A893E91678FE0B6E /* TimerSetupView.swift in Sources */,
			);
			runOnlyForDeploymentPostprocessing = 0;
		};
/* End PBXSourcesBuildPhase section */

/* Begin PBXTargetDependency section */
		89F63B7547BCAD488B16AB8A /* PBXTargetDependency */ = {
			isa = PBXTargetDependency;
			target = 5D48B829EA240F4850E0DDE6 /* ClimberTimer */;
			targetProxy = 56DA70F62F60419AC07A8780 /* PBXContainerItemProxy */;
		};
/* End PBXTargetDependency section */

/* Begin XCBuildConfiguration section */
		218B2186122E7B50A7ACACD1 /* Debug */ = {
			isa = XCBuildConfiguration;
			buildSettings = {
				ASSETCATALOG_COMPILER_APPICON_NAME = AppIcon;
				CODE_SIGN_ENTITLEMENTS = "ClimberTimer Watch/ClimberTimer Watch.entitlements";
				INFOPLIST_FILE = "ClimberTimer Watch/Info.plist";
				PRODUCT_BUNDLE_IDENTIFIER = com.climbertimer.ios.watchkitapp;
				SDKROOT = watchos;
				SKIP_INSTALL = YES;
				TARGETED_DEVICE_FAMILY = 4;
				WATCHOS_DEPLOYMENT_TARGET = 10.0;
			};
			name = Debug;
		};
		26713BB92BC7014FA50D492D /* Release */ = {
			isa = XCBuildConfiguration;
			buildSettings = {
				ASSETCATALOG_COMPILER_APPICON_NAME = AppIcon;
				CODE_SIGN_ENTITLEMENTS = "ClimberTimer iOS/ClimberTimer.entitlements";
				CODE_SIGN_IDENTITY = "iPhone Developer";
				INFOPLIST_FILE = "ClimberTimer iOS/Info.plist";
				LD_RUNPATH_SEARCH_PATHS = (
					"$(inherited)",
					"@executable_path/Frameworks",
				);
				PRODUCT_BUNDLE_IDENTIFIER = com.climbertimer.ios;
				SDKROOT = iphoneos;
				TARGETED_DEVICE_FAMILY = "1,2";
			};
			name = Release;
		};
		398138740A4914D214DE08A3 /* Release */ = {
			isa = XCBuildConfiguration;
			buildSettings = {
				ALWAYS_SEARCH_USER_PATHS = NO;
				CLANG_ANALYZER_NONNULL = YES;
				CLANG_ANALYZER_NUMBER_OBJECT_CONVERSION = YES_AGGRESSIVE;
				CLANG_CXX_LANGUAGE_STANDARD = "gnu++14";
				CLANG_CXX_LIBRARY = "libc++";
				CLANG_ENABLE_MODULES = YES;
				CLANG_ENABLE_OBJC_ARC = YES;
				CLANG_ENABLE_OBJC_WEAK = YES;
				CLANG_WARN_BLOCK_CAPTURE_AUTORELEASING = YES;
				CLANG_WARN_BOOL_CONVERSION = YES;
				CLANG_WARN_COMMA = YES;
				CLANG_WARN_CONSTANT_CONVERSION = YES;
				CLANG_WARN_DEPRECATED_OBJC_IMPLEMENTATIONS = YES;
				CLANG_WARN_DIRECT_OBJC_ISA_USAGE = YES_ERROR;
				CLANG_WARN_DOCUMENTATION_COMMENTS = YES;
				CLANG_WARN_EMPTY_BODY = YES;
				CLANG_WARN_ENUM_CONVERSION = YES;
				CLANG_WARN_INFINITE_RECURSION = YES;
				CLANG_WARN_INT_CONVERSION = YES;
				CLANG_WARN_NON_LITERAL_NULL_CONVERSION = YES;
				CLANG_WARN_OBJC_IMPLICIT_RETAIN_SELF = YES;
				CLANG_WARN_OBJC_LITERAL_CONVERSION = YES;
				CLANG_WARN_OBJC_ROOT_CLASS = YES_ERROR;
				CLANG_WARN_QUOTED_INCLUDE_IN_FRAMEWORK_HEADER = YES;
				CLANG_WARN_RANGE_LOOP_ANALYSIS = YES;
				CLANG_WARN_STRICT_PROTOTYPES = YES;
				CLANG_WARN_SUSPICIOUS_MOVE = YES;
				CLANG_WARN_UNGUARDED_AVAILABILITY = YES_AGGRESSIVE;
				CLANG_WARN_UNREACHABLE_CODE = YES;
				CLANG_WARN__DUPLICATE_METHOD_MATCH = YES;
				COPY_PHASE_STRIP = NO;
				DEBUG_INFORMATION_FORMAT = "dwarf-with-dsym";
				ENABLE_NS_ASSERTIONS = NO;
				ENABLE_STRICT_OBJC_MSGSEND = YES;
				ENABLE_USER_SCRIPT_SANDBOXING = NO;
				GCC_C_LANGUAGE_STANDARD = gnu11;
				GCC_NO_COMMON_BLOCKS = YES;
				GCC_WARN_64_TO_32_BIT_CONVERSION = YES;
				GCC_WARN_ABOUT_RETURN_TYPE = YES_ERROR;
				GCC_WARN_UNDECLARED_SELECTOR = YES;
				GCC_WARN_UNINITIALIZED_AUTOS = YES_AGGRESSIVE;
				GCC_WARN_UNUSED_FUNCTION = YES;
				GCC_WARN_UNUSED_VARIABLE = YES;
				IPHONEOS_DEPLOYMENT_TARGET = 17.0;
				MTL_ENABLE_DEBUG_INFO = NO;
				MTL_FAST_MATH = YES;
				PRODUCT_NAME = "$(TARGET_NAME)";
				SWIFT_COMPILATION_MODE = wholemodule;
				SWIFT_OPTIMIZATION_LEVEL = "-O";
				SWIFT_VERSION = 5.9;
				WATCHOS_DEPLOYMENT_TARGET = 10.0;
			};
			name = Release;
		};
		BB2DD46C97B3496D811AD4C3 /* Debug */ = {
			isa = XCBuildConfiguration;
			buildSettings = {
				ALWAYS_SEARCH_USER_PATHS = NO;
				CLANG_ANALYZER_NONNULL = YES;
				CLANG_ANALYZER_NUMBER_OBJECT_CONVERSION = YES_AGGRESSIVE;
				CLANG_CXX_LANGUAGE_STANDARD = "gnu++14";
				CLANG_CXX_LIBRARY = "libc++";
				CLANG_ENABLE_MODULES = YES;
				CLANG_ENABLE_OBJC_ARC = YES;
				CLANG_ENABLE_OBJC_WEAK = YES;
				CLANG_WARN_BLOCK_CAPTURE_AUTORELEASING = YES;
				CLANG_WARN_BOOL_CONVERSION = YES;
				CLANG_WARN_COMMA = YES;
				CLANG_WARN_CONSTANT_CONVERSION = YES;
				CLANG_WARN_DEPRECATED_OBJC_IMPLEMENTATIONS = YES;
				CLANG_WARN_DIRECT_OBJC_ISA_USAGE = YES_ERROR;
				CLANG_WARN_DOCUMENTATION_COMMENTS = YES;
				CLANG_WARN_EMPTY_BODY = YES;
				CLANG_WARN_ENUM_CONVERSION = YES;
				CLANG_WARN_INFINITE_RECURSION = YES;
				CLANG_WARN_INT_CONVERSION = YES;
				CLANG_WARN_NON_LITERAL_NULL_CONVERSION = YES;
				CLANG_WARN_OBJC_IMPLICIT_RETAIN_SELF = YES;
				CLANG_WARN_OBJC_LITERAL_CONVERSION = YES;
				CLANG_WARN_OBJC_ROOT_CLASS = YES_ERROR;
				CLANG_WARN_QUOTED_INCLUDE_IN_FRAMEWORK_HEADER = YES;
				CLANG_WARN_RANGE_LOOP_ANALYSIS = YES;
				CLANG_WARN_STRICT_PROTOTYPES = YES;
				CLANG_WARN_SUSPICIOUS_MOVE = YES;
				CLANG_WARN_UNGUARDED_AVAILABILITY = YES_AGGRESSIVE;
				CLANG_WARN_UNREACHABLE_CODE = YES;
				CLANG_WARN__DUPLICATE_METHOD_MATCH = YES;
				COPY_PHASE_STRIP = NO;
				DEBUG_INFORMATION_FORMAT = dwarf;
				ENABLE_STRICT_OBJC_MSGSEND = YES;
				ENABLE_TESTABILITY = YES;
				ENABLE_USER_SCRIPT_SANDBOXING = NO;
				GCC_C_LANGUAGE_STANDARD = gnu11;
				GCC_DYNAMIC_NO_PIC = NO;
				GCC_NO_COMMON_BLOCKS = YES;
				GCC_OPTIMIZATION_LEVEL = 0;
				GCC_PREPROCESSOR_DEFINITIONS = (
					"$(inherited)",
					"DEBUG=1",
				);
				GCC_WARN_64_TO_32_BIT_CONVERSION = YES;
				GCC_WARN_ABOUT_RETURN_TYPE = YES_ERROR;
				GCC_WARN_UNDECLARED_SELECTOR = YES;
				GCC_WARN_UNINITIALIZED_AUTOS = YES_AGGRESSIVE;
				GCC_WARN_UNUSED_FUNCTION = YES;
				GCC_WARN_UNUSED_VARIABLE = YES;
				IPHONEOS_DEPLOYMENT_TARGET = 17.0;
				MTL_ENABLE_DEBUG_INFO = INCLUDE_SOURCE;
				MTL_FAST_MATH = YES;
				ONLY_ACTIVE_ARCH = YES;
				PRODUCT_NAME = "$(TARGET_NAME)";
				SWIFT_ACTIVE_COMPILATION_CONDITIONS = DEBUG;
				SWIFT_OPTIMIZATION_LEVEL = "-Onone";
				SWIFT_VERSION = 5.9;
				WATCHOS_DEPLOYMENT_TARGET = 10.0;
			};
			name = Debug;
		};
		C78535A6E390E8EB3C6BC898 /* Debug */ = {
			isa = XCBuildConfiguration;
			buildSettings = {
				ASSETCATALOG_COMPILER_APPICON_NAME = AppIcon;
				CODE_SIGN_ENTITLEMENTS = "ClimberTimer iOS/ClimberTimer.entitlements";
				CODE_SIGN_IDENTITY = "iPhone Developer";
				INFOPLIST_FILE = "ClimberTimer iOS/Info.plist";
				LD_RUNPATH_SEARCH_PATHS = (
					"$(inherited)",
					"@executable_path/Frameworks",
				);
				PRODUCT_BUNDLE_IDENTIFIER = com.climbertimer.ios;
				SDKROOT = iphoneos;
				TARGETED_DEVICE_FAMILY = "1,2";
			};
			name = Debug;
		};
		E1BEE8D690BBF37F2C98E9D0 /* Release */ = {
			isa = XCBuildConfiguration;
			buildSettings = {
				BUNDLE_LOADER = "$(TEST_HOST)";
				GENERATE_INFOPLIST_FILE = YES;
				LD_RUNPATH_SEARCH_PATHS = (
					"$(inherited)",
					"@executable_path/Frameworks",
					"@loader_path/Frameworks",
				);
				PRODUCT_BUNDLE_IDENTIFIER = com.climbertimer.tests;
				SDKROOT = iphoneos;
				TARGETED_DEVICE_FAMILY = "1,2";
				TEST_HOST = "$(BUILT_PRODUCTS_DIR)/ClimberTimer.app/ClimberTimer";
			};
			name = Release;
		};
		E83B847E40B32FD6A71DDB2F /* Debug */ = {
			isa = XCBuildConfiguration;
			buildSettings = {
				BUNDLE_LOADER = "$(TEST_HOST)";
				GENERATE_INFOPLIST_FILE = YES;
				LD_RUNPATH_SEARCH_PATHS = (
					"$(inherited)",
					"@executable_path/Frameworks",
					"@loader_path/Frameworks",
				);
				PRODUCT_BUNDLE_IDENTIFIER = com.climbertimer.tests;
				SDKROOT = iphoneos;
				TARGETED_DEVICE_FAMILY = "1,2";
				TEST_HOST = "$(BUILT_PRODUCTS_DIR)/ClimberTimer.app/ClimberTimer";
			};
			name = Debug;
		};
		FEDAEBD59437959092103BDB /* Release */ = {
			isa = XCBuildConfiguration;
			buildSettings = {
				ASSETCATALOG_COMPILER_APPICON_NAME = AppIcon;
				CODE_SIGN_ENTITLEMENTS = "ClimberTimer Watch/ClimberTimer Watch.entitlements";
				INFOPLIST_FILE = "ClimberTimer Watch/Info.plist";
				PRODUCT_BUNDLE_IDENTIFIER = com.climbertimer.ios.watchkitapp;
				SDKROOT = watchos;
				SKIP_INSTALL = YES;
				TARGETED_DEVICE_FAMILY = 4;
				WATCHOS_DEPLOYMENT_TARGET = 10.0;
			};
			name = Release;
		};
/* End XCBuildConfiguration section */

/* Begin XCConfigurationList section */
		18B8C2A338D569B16A039D63 /* Build configuration list for PBXProject "ClimberTimer" */ = {
			isa = XCConfigurationList;
			buildConfigurations = (
				BB2DD46C97B3496D811AD4C3 /* Debug */,
				398138740A4914D214DE08A3 /* Release */,
			);
			defaultConfigurationIsVisible = 0;
			defaultConfigurationName = Debug;
		};
		9333719BE8AF6D6C57293332 /* Build configuration list for PBXNativeTarget "ClimberTimerTests" */ = {
			isa = XCConfigurationList;
			buildConfigurations = (
				E83B847E40B32FD6A71DDB2F /* Debug */,
				E1BEE8D690BBF37F2C98E9D0 /* Release */,
			);
			defaultConfigurationIsVisible = 0;
			defaultConfigurationName = Debug;
		};
		A163C053CE7664C1A4049142 /* Build configuration list for PBXNativeTarget "ClimberTimer Watch Watch App" */ = {
			isa = XCConfigurationList;
			buildConfigurations = (
				218B2186122E7B50A7ACACD1 /* Debug */,
				FEDAEBD59437959092103BDB /* Release */,
			);
			defaultConfigurationIsVisible = 0;
			defaultConfigurationName = Debug;
		};
		F39049AD1FB34F01C6FE2FDE /* Build configuration list for PBXNativeTarget "ClimberTimer" */ = {
			isa = XCConfigurationList;
			buildConfigurations = (
				C78535A6E390E8EB3C6BC898 /* Debug */,
				26713BB92BC7014FA50D492D /* Release */,
			);
			defaultConfigurationIsVisible = 0;
			defaultConfigurationName = Debug;
		};
/* End XCConfigurationList section */
	};
	rootObject = 076630D2C5B85E6EA5A4F3CD /* Project object */;
}
